
Microsoft Visual Studio Solution File, Format Version 12.00
# Visual Studio Version 17
VisualStudioVersion = 17.8.34511.84
MinimumVisualStudioVersion = 10.0.40219.1
Project("{FAE04EC0-301F-11D3-BF4B-00C04F79EFBC}") = "backend", "backend\backend.csproj", "{A0CA5327-E11B-42E6-B09E-490227247CC3}"
EndProject
Global
	GlobalSection(SolutionConfigurationPlatforms) = preSolution
		Debug|Any CPU = Debug|Any CPU
		Release|Any CPU = Release|Any CPU
	EndGlobalSection
	GlobalSection(ProjectConfigurationPlatforms) = postSolution
		{A0CA5327-E11B-42E6-B09E-490227247CC3}.Debug|Any CPU.ActiveCfg = Debug|Any CPU
		{A0CA5327-E11B-42E6-B09E-490227247CC3}.Debug|Any CPU.Build.0 = Debug|Any CPU
		{A0CA5327-E11B-42E6-B09E-490227247CC3}.Release|Any CPU.ActiveCfg = Release|Any CPU
		{A0CA5327-E11B-42E6-B09E-490227247CC3}.Release|Any CPU.Build.0 = Release|Any CPU
	EndGlobalSection
	GlobalSection(SolutionProperties) = preSolution
		HideSolutionNode = FALSE
	EndGlobalSection
	GlobalSection(ExtensibilityGlobals) = postSolution
		SolutionGuid = {4906C737-7AAE-44BB-8C62-F162C2EDF71C}
	EndGlobalSection
EndGlobal
